
Microsoft Visual Studio Solution File, Format Version 12.00
# Visual Studio 2012
Project("{FAE04EC0-301F-11D3-BF4B-00C04F79EFBC}") = "Sprudelsuche", "Sprudelsuche\Sprudelsuche.csproj", "{760A1DF3-9406-45EB-9186-F7E4E4DA2154}"
EndProject
Project("{FAE04EC0-301F-11D3-BF4B-00C04F79EFBC}") = "SprudelSuche.ThirdParty", "SprudelSuche.ThirdParty\SprudelSuche.ThirdParty.csproj", "{B9291A39-F133-4EB7-A89B-09887AFAAE79}"
EndProject
Project("{FAE04EC0-301F-11D3-BF4B-00C04F79EFBC}") = "NotificationsExtensions", "NotificationsExtensions\NotificationsExtensions.csproj", "{6E87464B-B064-40CA-8161-7C18C337ADFF}"
EndProject
Project("{FAE04EC0-301F-11D3-BF4B-00C04F79EFBC}") = "Sprudelsuche.Tasks", "Sprudelsuche.Tasks\Sprudelsuche.Tasks.csproj", "{9754030F-DF53-4D35-AF86-41CE270D66BA}"
EndProject
Project("{FAE04EC0-301F-11D3-BF4B-00C04F79EFBC}") = "Sprudelsuche.Portable", "Sprudelsuche.Portable\Sprudelsuche.Portable.csproj", "{E3C1D9B1-87D1-4C1E-BCD6-5579BD78433E}"
EndProject
Project("{FAE04EC0-301F-11D3-BF4B-00C04F79EFBC}") = "Sprudelsuche.WinRT", "Sprudelsuche.WinRT\Sprudelsuche.WinRT.csproj", "{50FC75E0-E404-4609-A173-6DE34221A9E0}"
EndProject
Global
	GlobalSection(SolutionConfigurationPlatforms) = preSolution
		Debug|ARM = Debug|ARM
		Debug|Any CPU = Debug|Any CPU
		Debug|Mixed Platforms = Debug|Mixed Platforms
		Debug|Win32 = Debug|Win32
		Debug|x64 = Debug|x64
		Debug|x86 = Debug|x86
		Release|ARM = Release|ARM
		Release|Any CPU = Release|Any CPU
		Release|Mixed Platforms = Release|Mixed Platforms
		Release|Win32 = Release|Win32
		Release|x64 = Release|x64
		Release|x86 = Release|x86
	EndGlobalSection
	GlobalSection(ProjectConfigurationPlatforms) = postSolution
		{50FC75E0-E404-4609-A173-6DE34221A9E0}.Debug|ARM.ActiveCfg = Debug|ARM
		{50FC75E0-E404-4609-A173-6DE34221A9E0}.Debug|ARM.Build.0 = Debug|ARM
		{50FC75E0-E404-4609-A173-6DE34221A9E0}.Debug|Any CPU.ActiveCfg = Debug|Any CPU
		{50FC75E0-E404-4609-A173-6DE34221A9E0}.Debug|Any CPU.Build.0 = Debug|Any CPU
		{50FC75E0-E404-4609-A173-6DE34221A9E0}.Debug|Mixed Platforms.ActiveCfg = Debug|x86
		{50FC75E0-E404-4609-A173-6DE34221A9E0}.Debug|Mixed Platforms.Build.0 = Debug|x86
		{50FC75E0-E404-4609-A173-6DE34221A9E0}.Debug|Win32.ActiveCfg = Debug|x86
		{50FC75E0-E404-4609-A173-6DE34221A9E0}.Debug|Win32.Build.0 = Debug|x86
		{50FC75E0-E404-4609-A173-6DE34221A9E0}.Debug|x64.ActiveCfg = Debug|x64
		{50FC75E0-E404-4609-A173-6DE34221A9E0}.Debug|x64.Build.0 = Debug|x64
		{50FC75E0-E404-4609-A173-6DE34221A9E0}.Debug|x86.ActiveCfg = Debug|x86
		{50FC75E0-E404-4609-A173-6DE34221A9E0}.Debug|x86.Build.0 = Debug|x86
		{50FC75E0-E404-4609-A173-6DE34221A9E0}.Release|ARM.ActiveCfg = Release|ARM
		{50FC75E0-E404-4609-A173-6DE34221A9E0}.Release|ARM.Build.0 = Release|ARM
		{50FC75E0-E404-4609-A173-6DE34221A9E0}.Release|Any CPU.ActiveCfg = Release|Any CPU
		{50FC75E0-E404-4609-A173-6DE34221A9E0}.Release|Any CPU.Build.0 = Release|Any CPU
		{50FC75E0-E404-4609-A173-6DE34221A9E0}.Release|Mixed Platforms.ActiveCfg = Release|x86
		{50FC75E0-E404-4609-A173-6DE34221A9E0}.Release|Mixed Platforms.Build.0 = Release|x86
		{50FC75E0-E404-4609-A173-6DE34221A9E0}.Release|Win32.ActiveCfg = Release|x86
		{50FC75E0-E404-4609-A173-6DE34221A9E0}.Release|Win32.Build.0 = Release|x86
		{50FC75E0-E404-4609-A173-6DE34221A9E0}.Release|x64.ActiveCfg = Release|x64
		{50FC75E0-E404-4609-A173-6DE34221A9E0}.Release|x64.Build.0 = Release|x64
		{50FC75E0-E404-4609-A173-6DE34221A9E0}.Release|x86.ActiveCfg = Release|x86
		{50FC75E0-E404-4609-A173-6DE34221A9E0}.Release|x86.Build.0 = Release|x86
		{6E87464B-B064-40CA-8161-7C18C337ADFF}.Debug|ARM.ActiveCfg = Debug|ARM
		{6E87464B-B064-40CA-8161-7C18C337ADFF}.Debug|ARM.Build.0 = Debug|ARM
		{6E87464B-B064-40CA-8161-7C18C337ADFF}.Debug|Any CPU.ActiveCfg = Debug|Any CPU
		{6E87464B-B064-40CA-8161-7C18C337ADFF}.Debug|Any CPU.Build.0 = Debug|Any CPU
		{6E87464B-B064-40CA-8161-7C18C337ADFF}.Debug|Mixed Platforms.ActiveCfg = Debug|x86
		{6E87464B-B064-40CA-8161-7C18C337ADFF}.Debug|Mixed Platforms.Build.0 = Debug|x86
		{6E87464B-B064-40CA-8161-7C18C337ADFF}.Debug|Win32.ActiveCfg = Debug|Win32
		{6E87464B-B064-40CA-8161-7C18C337ADFF}.Debug|Win32.Build.0 = Debug|Win32
		{6E87464B-B064-40CA-8161-7C18C337ADFF}.Debug|x64.ActiveCfg = Debug|x64
		{6E87464B-B064-40CA-8161-7C18C337ADFF}.Debug|x64.Build.0 = Debug|x64
		{6E87464B-B064-40CA-8161-7C18C337ADFF}.Debug|x86.ActiveCfg = Debug|x86
		{6E87464B-B064-40CA-8161-7C18C337ADFF}.Debug|x86.Build.0 = Debug|x86
		{6E87464B-B064-40CA-8161-7C18C337ADFF}.Release|ARM.ActiveCfg = Release|ARM
		{6E87464B-B064-40CA-8161-7C18C337ADFF}.Release|ARM.Build.0 = Release|ARM
		{6E87464B-B064-40CA-8161-7C18C337ADFF}.Release|Any CPU.ActiveCfg = Release|Any CPU
		{6E87464B-B064-40CA-8161-7C18C337ADFF}.Release|Any CPU.Build.0 = Release|Any CPU
		{6E87464B-B064-40CA-8161-7C18C337ADFF}.Release|Mixed Platforms.ActiveCfg = Release|x86
		{6E87464B-B064-40CA-8161-7C18C337ADFF}.Release|Mixed Platforms.Build.0 = Release|x86
		{6E87464B-B064-40CA-8161-7C18C337ADFF}.Release|Win32.ActiveCfg = Release|Win32
		{6E87464B-B064-40CA-8161-7C18C337ADFF}.Release|Win32.Build.0 = Release|Win32
		{6E87464B-B064-40CA-8161-7C18C337ADFF}.Release|x64.ActiveCfg = Release|x64
		{6E87464B-B064-40CA-8161-7C18C337ADFF}.Release|x64.Build.0 = Release|x64
		{6E87464B-B064-40CA-8161-7C18C337ADFF}.Release|x86.ActiveCfg = Release|x86
		{6E87464B-B064-40CA-8161-7C18C337ADFF}.Release|x86.Build.0 = Release|x86
		{760A1DF3-9406-45EB-9186-F7E4E4DA2154}.Debug|ARM.ActiveCfg = Debug|ARM
		{760A1DF3-9406-45EB-9186-F7E4E4DA2154}.Debug|ARM.Build.0 = Debug|ARM
		{760A1DF3-9406-45EB-9186-F7E4E4DA2154}.Debug|ARM.Deploy.0 = Debug|ARM
		{760A1DF3-9406-45EB-9186-F7E4E4DA2154}.Debug|Any CPU.ActiveCfg = Debug|x86
		{760A1DF3-9406-45EB-9186-F7E4E4DA2154}.Debug|Any CPU.Build.0 = Debug|x86
		{760A1DF3-9406-45EB-9186-F7E4E4DA2154}.Debug|Any CPU.Deploy.0 = Debug|x86
		{760A1DF3-9406-45EB-9186-F7E4E4DA2154}.Debug|Mixed Platforms.ActiveCfg = Debug|x86
		{760A1DF3-9406-45EB-9186-F7E4E4DA2154}.Debug|Mixed Platforms.Build.0 = Debug|x86
		{760A1DF3-9406-45EB-9186-F7E4E4DA2154}.Debug|Mixed Platforms.Deploy.0 = Debug|x86
		{760A1DF3-9406-45EB-9186-F7E4E4DA2154}.Debug|Win32.ActiveCfg = Debug|x86
		{760A1DF3-9406-45EB-9186-F7E4E4DA2154}.Debug|Win32.Build.0 = Debug|x86
		{760A1DF3-9406-45EB-9186-F7E4E4DA2154}.Debug|Win32.Deploy.0 = Debug|x86
		{760A1DF3-9406-45EB-9186-F7E4E4DA2154}.Debug|x64.ActiveCfg = Debug|x64
		{760A1DF3-9406-45EB-9186-F7E4E4DA2154}.Debug|x64.Build.0 = Debug|x64
		{760A1DF3-9406-45EB-9186-F7E4E4DA2154}.Debug|x64.Deploy.0 = Debug|x64
		{760A1DF3-9406-45EB-9186-F7E4E4DA2154}.Debug|x86.ActiveCfg = Debug|x86
		{760A1DF3-9406-45EB-9186-F7E4E4DA2154}.Debug|x86.Build.0 = Debug|x86
		{760A1DF3-9406-45EB-9186-F7E4E4DA2154}.Debug|x86.Deploy.0 = Debug|x86
		{760A1DF3-9406-45EB-9186-F7E4E4DA2154}.Release|ARM.ActiveCfg = Release|ARM
		{760A1DF3-9406-45EB-9186-F7E4E4DA2154}.Release|ARM.Build.0 = Release|ARM
		{760A1DF3-9406-45EB-9186-F7E4E4DA2154}.Release|ARM.Deploy.0 = Release|ARM
		{760A1DF3-9406-45EB-9186-F7E4E4DA2154}.Release|Any CPU.ActiveCfg = Release|Any CPU
		{760A1DF3-9406-45EB-9186-F7E4E4DA2154}.Release|Any CPU.Build.0 = Release|Any CPU
		{760A1DF3-9406-45EB-9186-F7E4E4DA2154}.Release|Any CPU.Deploy.0 = Release|Any CPU
		{760A1DF3-9406-45EB-9186-F7E4E4DA2154}.Release|Mixed Platforms.ActiveCfg = Release|x86
		{760A1DF3-9406-45EB-9186-F7E4E4DA2154}.Release|Mixed Platforms.Build.0 = Release|x86
		{760A1DF3-9406-45EB-9186-F7E4E4DA2154}.Release|Mixed Platforms.Deploy.0 = Release|x86
		{760A1DF3-9406-45EB-9186-F7E4E4DA2154}.Release|Win32.ActiveCfg = Release|x86
		{760A1DF3-9406-45EB-9186-F7E4E4DA2154}.Release|Win32.Build.0 = Release|x86
		{760A1DF3-9406-45EB-9186-F7E4E4DA2154}.Release|Win32.Deploy.0 = Release|x86
		{760A1DF3-9406-45EB-9186-F7E4E4DA2154}.Release|x64.ActiveCfg = Release|x64
		{760A1DF3-9406-45EB-9186-F7E4E4DA2154}.Release|x64.Build.0 = Release|x64
		{760A1DF3-9406-45EB-9186-F7E4E4DA2154}.Release|x64.Deploy.0 = Release|x64
		{760A1DF3-9406-45EB-9186-F7E4E4DA2154}.Release|x86.ActiveCfg = Release|x86
		{760A1DF3-9406-45EB-9186-F7E4E4DA2154}.Release|x86.Build.0 = Release|x86
		{760A1DF3-9406-45EB-9186-F7E4E4DA2154}.Release|x86.Deploy.0 = Release|x86
		{9754030F-DF53-4D35-AF86-41CE270D66BA}.Debug|ARM.ActiveCfg = Debug|ARM
		{9754030F-DF53-4D35-AF86-41CE270D66BA}.Debug|ARM.Build.0 = Debug|ARM
		{9754030F-DF53-4D35-AF86-41CE270D66BA}.Debug|Any CPU.ActiveCfg = Debug|Any CPU
		{9754030F-DF53-4D35-AF86-41CE270D66BA}.Debug|Any CPU.Build.0 = Debug|Any CPU
		{9754030F-DF53-4D35-AF86-41CE270D66BA}.Debug|Mixed Platforms.ActiveCfg = Debug|x86
		{9754030F-DF53-4D35-AF86-41CE270D66BA}.Debug|Mixed Platforms.Build.0 = Debug|x86
		{9754030F-DF53-4D35-AF86-41CE270D66BA}.Debug|Win32.ActiveCfg = Debug|x86
		{9754030F-DF53-4D35-AF86-41CE270D66BA}.Debug|Win32.Build.0 = Debug|x86
		{9754030F-DF53-4D35-AF86-41CE270D66BA}.Debug|x64.ActiveCfg = Debug|x64
		{9754030F-DF53-4D35-AF86-41CE270D66BA}.Debug|x64.Build.0 = Debug|x64
		{9754030F-DF53-4D35-AF86-41CE270D66BA}.Debug|x86.ActiveCfg = Debug|x86
		{9754030F-DF53-4D35-AF86-41CE270D66BA}.Debug|x86.Build.0 = Debug|x86
		{9754030F-DF53-4D35-AF86-41CE270D66BA}.Release|ARM.ActiveCfg = Release|ARM
		{9754030F-DF53-4D35-AF86-41CE270D66BA}.Release|ARM.Build.0 = Release|ARM
		{9754030F-DF53-4D35-AF86-41CE270D66BA}.Release|Any CPU.ActiveCfg = Release|Any CPU
		{9754030F-DF53-4D35-AF86-41CE270D66BA}.Release|Any CPU.Build.0 = Release|Any CPU
		{9754030F-DF53-4D35-AF86-41CE270D66BA}.Release|Mixed Platforms.ActiveCfg = Release|x86
		{9754030F-DF53-4D35-AF86-41CE270D66BA}.Release|Mixed Platforms.Build.0 = Release|x86
		{9754030F-DF53-4D35-AF86-41CE270D66BA}.Release|Win32.ActiveCfg = Release|x86
		{9754030F-DF53-4D35-AF86-41CE270D66BA}.Release|Win32.Build.0 = Release|x86
		{9754030F-DF53-4D35-AF86-41CE270D66BA}.Release|x64.ActiveCfg = Release|x64
		{9754030F-DF53-4D35-AF86-41CE270D66BA}.Release|x64.Build.0 = Release|x64
		{9754030F-DF53-4D35-AF86-41CE270D66BA}.Release|x86.ActiveCfg = Release|x86
		{9754030F-DF53-4D35-AF86-41CE270D66BA}.Release|x86.Build.0 = Release|x86
		{B9291A39-F133-4EB7-A89B-09887AFAAE79}.Debug|ARM.ActiveCfg = Debug|ARM
		{B9291A39-F133-4EB7-A89B-09887AFAAE79}.Debug|ARM.Build.0 = Debug|ARM
		{B9291A39-F133-4EB7-A89B-09887AFAAE79}.Debug|Any CPU.ActiveCfg = Debug|Any CPU
		{B9291A39-F133-4EB7-A89B-09887AFAAE79}.Debug|Any CPU.Build.0 = Debug|Any CPU
		{B9291A39-F133-4EB7-A89B-09887AFAAE79}.Debug|Mixed Platforms.ActiveCfg = Debug|x86
		{B9291A39-F133-4EB7-A89B-09887AFAAE79}.Debug|Mixed Platforms.Build.0 = Debug|x86
		{B9291A39-F133-4EB7-A89B-09887AFAAE79}.Debug|Win32.ActiveCfg = Debug|x86
		{B9291A39-F133-4EB7-A89B-09887AFAAE79}.Debug|Win32.Build.0 = Debug|x86
		{B9291A39-F133-4EB7-A89B-09887AFAAE79}.Debug|x64.ActiveCfg = Debug|x64
		{B9291A39-F133-4EB7-A89B-09887AFAAE79}.Debug|x64.Build.0 = Debug|x64
		{B9291A39-F133-4EB7-A89B-09887AFAAE79}.Debug|x86.ActiveCfg = Debug|x86
		{B9291A39-F133-4EB7-A89B-09887AFAAE79}.Debug|x86.Build.0 = Debug|x86
		{B9291A39-F133-4EB7-A89B-09887AFAAE79}.Release|ARM.ActiveCfg = Release|ARM
		{B9291A39-F133-4EB7-A89B-09887AFAAE79}.Release|ARM.Build.0 = Release|ARM
		{B9291A39-F133-4EB7-A89B-09887AFAAE79}.Release|Any CPU.ActiveCfg = Release|Any CPU
		{B9291A39-F133-4EB7-A89B-09887AFAAE79}.Release|Any CPU.Build.0 = Release|Any CPU
		{B9291A39-F133-4EB7-A89B-09887AFAAE79}.Release|Mixed Platforms.ActiveCfg = Release|x86
		{B9291A39-F133-4EB7-A89B-09887AFAAE79}.Release|Mixed Platforms.Build.0 = Release|x86
		{B9291A39-F133-4EB7-A89B-09887AFAAE79}.Release|Win32.ActiveCfg = Release|x86
		{B9291A39-F133-4EB7-A89B-09887AFAAE79}.Release|Win32.Build.0 = Release|x86
		{B9291A39-F133-4EB7-A89B-09887AFAAE79}.Release|x64.ActiveCfg = Release|x64
		{B9291A39-F133-4EB7-A89B-09887AFAAE79}.Release|x64.Build.0 = Release|x64
		{B9291A39-F133-4EB7-A89B-09887AFAAE79}.Release|x86.ActiveCfg = Release|x86
		{B9291A39-F133-4EB7-A89B-09887AFAAE79}.Release|x86.Build.0 = Release|x86
		{E3C1D9B1-87D1-4C1E-BCD6-5579BD78433E}.Debug|ARM.ActiveCfg = Debug|Any CPU
		{E3C1D9B1-87D1-4C1E-BCD6-5579BD78433E}.Debug|Any CPU.ActiveCfg = Debug|Any CPU
		{E3C1D9B1-87D1-4C1E-BCD6-5579BD78433E}.Debug|Any CPU.Build.0 = Debug|Any CPU
		{E3C1D9B1-87D1-4C1E-BCD6-5579BD78433E}.Debug|Mixed Platforms.ActiveCfg = Debug|Any CPU
		{E3C1D9B1-87D1-4C1E-BCD6-5579BD78433E}.Debug|Mixed Platforms.Build.0 = Debug|Any CPU
		{E3C1D9B1-87D1-4C1E-BCD6-5579BD78433E}.Debug|Win32.ActiveCfg = Debug|Any CPU
		{E3C1D9B1-87D1-4C1E-BCD6-5579BD78433E}.Debug|x64.ActiveCfg = Debug|Any CPU
		{E3C1D9B1-87D1-4C1E-BCD6-5579BD78433E}.Debug|x86.ActiveCfg = Debug|Any CPU
		{E3C1D9B1-87D1-4C1E-BCD6-5579BD78433E}.Release|ARM.ActiveCfg = Release|Any CPU
		{E3C1D9B1-87D1-4C1E-BCD6-5579BD78433E}.Release|Any CPU.ActiveCfg = Release|Any CPU
		{E3C1D9B1-87D1-4C1E-BCD6-5579BD78433E}.Release|Any CPU.Build.0 = Release|Any CPU
		{E3C1D9B1-87D1-4C1E-BCD6-5579BD78433E}.Release|Mixed Platforms.ActiveCfg = Release|Any CPU
		{E3C1D9B1-87D1-4C1E-BCD6-5579BD78433E}.Release|Mixed Platforms.Build.0 = Release|Any CPU
		{E3C1D9B1-87D1-4C1E-BCD6-5579BD78433E}.Release|Win32.ActiveCfg = Release|Any CPU
		{E3C1D9B1-87D1-4C1E-BCD6-5579BD78433E}.Release|x64.ActiveCfg = Release|Any CPU
		{E3C1D9B1-87D1-4C1E-BCD6-5579BD78433E}.Release|x86.ActiveCfg = Release|Any CPU
	EndGlobalSection
	GlobalSection(SolutionProperties) = preSolution
		HideSolutionNode = FALSE
	EndGlobalSection
EndGlobal
